{
  "lockfileVersion": 1,
  "workspaces": {
    "": {
      "dependencies": {
        "@tanstack/query-core": "^5.101.0",
      },
    },
  },
  "packages": {
    "@tanstack/query-core": ["@tanstack/query-core@5.101.0", "", {}, "sha512-cQetA74EB+seWySv1TTKr828TnP0u39m6LykwDXIo84SNortpDkp30TMEjkqtYCNP9c40uT/iwl6MLiufEt0Ow=="],
  }
}
